
Microsoft Visual Studio Solution File, Format Version 12.00
# Visual Studio Version 17
VisualStudioVersion = 17.13.35818.85 d17.13
MinimumVisualStudioVersion = 10.0.40219.1
Project("{8BC9CEB8-8B4A-11D0-8D11-00A0C91BC942}") = "D3D11_Framework", "D3D11_Framework\D3D11_Framework.vcxproj", "{81CF728E-03A4-4176-9C2F-6D16524F6FA0}"
EndProject
Global
	GlobalSection(SolutionConfigurationPlatforms) = preSolution
		Debug|x64 = Debug|x64
		Debug|x86 = Debug|x86
		Release|x64 = Release|x64
		Release|x86 = Release|x86
	EndGlobalSection
	GlobalSection(ProjectConfigurationPlatforms) = postSolution
		{81CF728E-03A4-4176-9C2F-6D16524F6FA0}.Debug|x64.ActiveCfg = Debug|x64
		{81CF728E-03A4-4176-9C2F-6D16524F6FA0}.Debug|x64.Build.0 = Debug|x64
		{81CF728E-03A4-4176-9C2F-6D16524F6FA0}.Debug|x86.ActiveCfg = Debug|Win32
		{81CF728E-03A4-4176-9C2F-6D16524F6FA0}.Debug|x86.Build.0 = Debug|Win32
		{81CF728E-03A4-4176-9C2F-6D16524F6FA0}.Release|x64.ActiveCfg = Release|x64
		{81CF728E-03A4-4176-9C2F-6D16524F6FA0}.Release|x64.Build.0 = Release|x64
		{81CF728E-03A4-4176-9C2F-6D16524F6FA0}.Release|x86.ActiveCfg = Release|Win32
		{81CF728E-03A4-4176-9C2F-6D16524F6FA0}.Release|x86.Build.0 = Release|Win32
	EndGlobalSection
	GlobalSection(SolutionProperties) = preSolution
		HideSolutionNode = FALSE
	EndGlobalSection
	GlobalSection(ExtensibilityGlobals) = postSolution
		SolutionGuid = {9D41A7D5-A98A-4139-B458-7C3497615364}
	EndGlobalSection
EndGlobal
